
Microsoft Visual Studio Solution File, Format Version 12.00
# Visual Studio Version 17
VisualStudioVersion = 17.14.36811.4 d17.14
MinimumVisualStudioVersion = 10.0.40219.1
Project("{FAE04EC0-301F-11D3-BF4B-00C04F79EFBC}") = "ResolveAi.Api", "ResolveAi.Api\ResolveAi.Api.csproj", "{65D61160-C839-4A36-8D82-8FE1D8DB91C9}"
EndProject
Global
	GlobalSection(SolutionConfigurationPlatforms) = preSolution
		Debug|Any CPU = Debug|Any CPU
		Release|Any CPU = Release|Any CPU
	EndGlobalSection
	GlobalSection(ProjectConfigurationPlatforms) = postSolution
		{65D61160-C839-4A36-8D82-8FE1D8DB91C9}.Debug|Any CPU.ActiveCfg = Debug|Any CPU
		{65D61160-C839-4A36-8D82-8FE1D8DB91C9}.Debug|Any CPU.Build.0 = Debug|Any CPU
		{65D61160-C839-4A36-8D82-8FE1D8DB91C9}.Release|Any CPU.ActiveCfg = Release|Any CPU
		{65D61160-C839-4A36-8D82-8FE1D8DB91C9}.Release|Any CPU.Build.0 = Release|Any CPU
	EndGlobalSection
	GlobalSection(SolutionProperties) = preSolution
		HideSolutionNode = FALSE
	EndGlobalSection
	GlobalSection(ExtensibilityGlobals) = postSolution
		SolutionGuid = {65F36745-929C-4EA3-9050-DE4173DE65B2}
	EndGlobalSection
EndGlobal
